
Microsoft Visual Studio Solution File, Format Version 12.00
# Visual Studio Version 17
VisualStudioVersion = 17.10.35122.118
MinimumVisualStudioVersion = 10.0.40219.1
Project("{FAE04EC0-301F-11D3-BF4B-00C04F79EFBC}") = "30.Rizqi Fakhrianto", "30.Rizqi Fakhrianto.csproj", "{3C6DF7AB-E1FA-49EE-A9FA-951E08E7385C}"
EndProject
Global
	GlobalSection(SolutionConfigurationPlatforms) = preSolution
		Debug|Any CPU = Debug|Any CPU
		Release|Any CPU = Release|Any CPU
	EndGlobalSection
	GlobalSection(ProjectConfigurationPlatforms) = postSolution
		{3C6DF7AB-E1FA-49EE-A9FA-951E08E7385C}.Debug|Any CPU.ActiveCfg = Debug|Any CPU
		{3C6DF7AB-E1FA-49EE-A9FA-951E08E7385C}.Debug|Any CPU.Build.0 = Debug|Any CPU
		{3C6DF7AB-E1FA-49EE-A9FA-951E08E7385C}.Release|Any CPU.ActiveCfg = Release|Any CPU
		{3C6DF7AB-E1FA-49EE-A9FA-951E08E7385C}.Release|Any CPU.Build.0 = Release|Any CPU
	EndGlobalSection
	GlobalSection(SolutionProperties) = preSolution
		HideSolutionNode = FALSE
	EndGlobalSection
	GlobalSection(ExtensibilityGlobals) = postSolution
		SolutionGuid = {E9CDCA85-9970-4516-9F19-B5374EA79E19}
	EndGlobalSection
EndGlobal
